
Microsoft Visual Studio Solution File, Format Version 12.00
# Visual Studio 15
VisualStudioVersion = 15.0.28010.2041
MinimumVisualStudioVersion = 10.0.40219.1
Project("{FAE04EC0-301F-11D3-BF4B-00C04F79EFBC}") = "RuleValidator", "RuleValidator\RuleValidator.csproj", "{53DC468A-BDFC-4A5B-A772-EA116F39FDA9}"
EndProject
Project("{FAE04EC0-301F-11D3-BF4B-00C04F79EFBC}") = "Tests", "Tests\Tests.csproj", "{F26E9B82-F386-480C-A150-8F7DF3965C74}"
EndProject
Global
	GlobalSection(SolutionConfigurationPlatforms) = preSolution
		Debug|Any CPU = Debug|Any CPU
		Release|Any CPU = Release|Any CPU
	EndGlobalSection
	GlobalSection(ProjectConfigurationPlatforms) = postSolution
		{53DC468A-BDFC-4A5B-A772-EA116F39FDA9}.Debug|Any CPU.ActiveCfg = Debug|Any CPU
		{53DC468A-BDFC-4A5B-A772-EA116F39FDA9}.Debug|Any CPU.Build.0 = Debug|Any CPU
		{53DC468A-BDFC-4A5B-A772-EA116F39FDA9}.Release|Any CPU.ActiveCfg = Release|Any CPU
		{53DC468A-BDFC-4A5B-A772-EA116F39FDA9}.Release|Any CPU.Build.0 = Release|Any CPU
		{F26E9B82-F386-480C-A150-8F7DF3965C74}.Debug|Any CPU.ActiveCfg = Debug|Any CPU
		{F26E9B82-F386-480C-A150-8F7DF3965C74}.Debug|Any CPU.Build.0 = Debug|Any CPU
		{F26E9B82-F386-480C-A150-8F7DF3965C74}.Release|Any CPU.ActiveCfg = Release|Any CPU
		{F26E9B82-F386-480C-A150-8F7DF3965C74}.Release|Any CPU.Build.0 = Release|Any CPU
	EndGlobalSection
	GlobalSection(SolutionProperties) = preSolution
		HideSolutionNode = FALSE
	EndGlobalSection
	GlobalSection(ExtensibilityGlobals) = postSolution
		SolutionGuid = {CB90C748-911C-4A7E-9693-5ECBA85F01AC}
	EndGlobalSection
EndGlobal
